# This file is generated by running "yarn install" inside your project.
# Manual changes might be lost - proceed with caution!

__metadata:
  version: 6
  cacheKey: 8

"@popperjs/core@npm:^2.11.6":
  version: 2.11.6
  resolution: "@popperjs/core@npm:2.11.6"
  checksum: 47fb328cec1924559d759b48235c78574f2d71a8a6c4c03edb6de5d7074078371633b91e39bbf3f901b32aa8af9b9d8f82834856d2f5737a23475036b16817f0
  languageName: node
  linkType: hard

"@socket.io/component-emitter@npm:~3.1.0":
  version: 3.1.0
  resolution: "@socket.io/component-emitter@npm:3.1.0"
  checksum: db069d95425b419de1514dffe945cc439795f6a8ef5b9465715acf5b8b50798e2c91b8719cbf5434b3fe7de179d6cdcd503c277b7871cb3dd03febb69bdd50fa
  languageName: node
  linkType: hard

"@solidjs/router@npm:^0.8.2":
  version: 0.8.2
  resolution: "@solidjs/router@npm:0.8.2"
  peerDependencies:
    solid-js: ^1.5.3
  checksum: 641552d5a32e870c85a2ec2257583c0fcfd283a05927daa847ca13ad99a41584ad089477f7caec465630b010fe7bdfbd564a77571fd74044bf330184ca0a6f57
  languageName: node
  linkType: hard

"@suid/base@npm:0.7.1":
  version: 0.7.1
  resolution: "@suid/base@npm:0.7.1"
  dependencies:
    "@popperjs/core": ^2.11.6
    "@suid/css": 0.3.0
    "@suid/system": 0.9.1
    "@suid/types": 0.4.0
    "@suid/utils": 0.6.1
    clsx: ^1.2.1
  peerDependencies:
    solid-js: ^1.6.7
  checksum: aa82fdcf295bb68d6519f7b69b6c67f87076520dfc186a5a3af9bb587c97bf07862cedf09f8d1fdd70e042bc08c230e2fed25adf3bf8647f8aa7efae9f074f92
  languageName: node
  linkType: hard

"@suid/css@npm:0.3.0":
  version: 0.3.0
  resolution: "@suid/css@npm:0.3.0"
  checksum: 22ff871f3c03599de1203cfb81450647827ba9cf6a84a74110901eef1e0e9513113c34b3e5c5ac902cfa98df2237c2ebf1128a484601ca4c0fb954ea6a11f7af
  languageName: node
  linkType: hard

"@suid/icons-material@npm:^0.5.11":
  version: 0.5.11
  resolution: "@suid/icons-material@npm:0.5.11"
  dependencies:
    "@suid/material": 0.11.1
  peerDependencies:
    solid-js: ^1.6.7
  checksum: 4b71c884116bdcd76981addd07f7fe0c59238ed574d2fccfb63cbba6f2f86e3a5528e811b6636c18537102487c0652b84f32320512100cfc52e47feffdec25aa
  languageName: node
  linkType: hard

"@suid/material@npm:0.11.1, @suid/material@npm:^0.11.1":
  version: 0.11.1
  resolution: "@suid/material@npm:0.11.1"
  dependencies:
    "@suid/base": 0.7.1
    "@suid/css": 0.3.0
    "@suid/system": 0.9.1
    "@suid/types": 0.4.0
    "@suid/utils": 0.6.1
    clsx: ^1.2.1
  peerDependencies:
    solid-js: ^1.6.7
  checksum: 6934aa168af380d2b5633c5578ea1382e2734fdba309e8b70b829b19cf1cb319d86c128127e5fb86571b5cc9b69aa672dca7c7628e441bfd047290998587fd7b
  languageName: node
  linkType: hard

"@suid/styled-engine@npm:0.4.3":
  version: 0.4.3
  resolution: "@suid/styled-engine@npm:0.4.3"
  dependencies:
    "@suid/css": 0.3.0
    "@suid/utils": 0.6.1
  peerDependencies:
    solid-js: ^1.6.7
  checksum: 0c369909a0ab5e0398d67fe3fdb70088b9d6148e1d15231b550105a23ce3c8183890f5113809f270f8ad9416bc519b5d9ef78e538a6362a900fb1db450bafa5d
  languageName: node
  linkType: hard

"@suid/system@npm:0.9.1":
  version: 0.9.1
  resolution: "@suid/system@npm:0.9.1"
  dependencies:
    "@suid/css": 0.3.0
    "@suid/styled-engine": 0.4.3
    "@suid/types": 0.4.0
    "@suid/utils": 0.6.1
    clsx: ^1.2.1
    csstype: ^3.1.1
  peerDependencies:
    solid-js: ^1.6.7
  checksum: 28b2c3880b025c33d599fad98ac78881b2de6a7df523b8c79a44b3602abd3f167062f81bb573690d7a3d724e19565ead33d023f015f603a3f0f99ab844dc66fa
  languageName: node
  linkType: hard

"@suid/types@npm:0.4.0":
  version: 0.4.0
  resolution: "@suid/types@npm:0.4.0"
  peerDependencies:
    solid-js: ^1.6.7
  checksum: e393bbc9c71c7e5482788c04520af699625adc3884524ff622e3e8a9bd895561579143935c58cca65540106867aa39f682d9e6060090d51ebdf8dc6b3275ff60
  languageName: node
  linkType: hard

"@suid/utils@npm:0.6.1":
  version: 0.6.1
  resolution: "@suid/utils@npm:0.6.1"
  dependencies:
    "@suid/types": 0.4.0
  peerDependencies:
    solid-js: ^1.6.7
  checksum: d9783108834c92d7650216016c5abf99001ae72d82b4a6154a5f4482f9183edb17de85b964a19bb16352ff61202b636fe11d294a4aeb224af27d0d180c1fef4c
  languageName: node
  linkType: hard

"@types/mime@npm:^3.0.1":
  version: 3.0.1
  resolution: "@types/mime@npm:3.0.1"
  checksum: 4040fac73fd0cea2460e29b348c1a6173da747f3a87da0dbce80dd7a9355a3d0e51d6d9a401654f3e5550620e3718b5a899b2ec1debf18424e298a2c605346e7
  languageName: node
  linkType: hard

"asynckit@npm:^0.4.0":
  version: 0.4.0
  resolution: "asynckit@npm:0.4.0"
  checksum: 7b78c451df768adba04e2d02e63e2d0bf3b07adcd6e42b4cf665cb7ce899bedd344c69a1dcbce355b5f972d597b25aaa1c1742b52cffd9caccb22f348114f6be
  languageName: node
  linkType: hard

"axios@npm:^1.3.4":
  version: 1.3.4
  resolution: "axios@npm:1.3.4"
  dependencies:
    follow-redirects: ^1.15.0
    form-data: ^4.0.0
    proxy-from-env: ^1.1.0
  checksum: 7440edefcf8498bc3cdf39de00443e8101f249972c83b739c6e880d9d669fea9486372dbe8739e88b3bf8bb1ad15f6106693f206f078f4516fe8fd47b1c3093c
  languageName: node
  linkType: hard

"clsx@npm:^1.2.1":
  version: 1.2.1
  resolution: "clsx@npm:1.2.1"
  checksum: 30befca8019b2eb7dbad38cff6266cf543091dae2825c856a62a8ccf2c3ab9c2907c4d12b288b73101196767f66812365400a227581484a05f968b0307cfaf12
  languageName: node
  linkType: hard

"combined-stream@npm:^1.0.8":
  version: 1.0.8
  resolution: "combined-stream@npm:1.0.8"
  dependencies:
    delayed-stream: ~1.0.0
  checksum: 49fa4aeb4916567e33ea81d088f6584749fc90c7abec76fd516bf1c5aa5c79f3584b5ba3de6b86d26ddd64bae5329c4c7479343250cfe71c75bb366eae53bb7c
  languageName: node
  linkType: hard

"csstype@npm:^3.1.0, csstype@npm:^3.1.1":
  version: 3.1.1
  resolution: "csstype@npm:3.1.1"
  checksum: 1f7b4f5fdd955b7444b18ebdddf3f5c699159f13e9cf8ac9027ae4a60ae226aef9bbb14a6e12ca7dba3358b007cee6354b116e720262867c398de6c955ea451d
  languageName: node
  linkType: hard

"debug@npm:~4.3.1, debug@npm:~4.3.2":
  version: 4.3.4
  resolution: "debug@npm:4.3.4"
  dependencies:
    ms: 2.1.2
  peerDependenciesMeta:
    supports-color:
      optional: true
  checksum: 3dbad3f94ea64f34431a9cbf0bafb61853eda57bff2880036153438f50fb5a84f27683ba0d8e5426bf41a8c6ff03879488120cf5b3a761e77953169c0600a708
  languageName: node
  linkType: hard

"delayed-stream@npm:~1.0.0":
  version: 1.0.0
  resolution: "delayed-stream@npm:1.0.0"
  checksum: 46fe6e83e2cb1d85ba50bd52803c68be9bd953282fa7096f51fc29edd5d67ff84ff753c51966061e5ba7cb5e47ef6d36a91924eddb7f3f3483b1c560f77a0020
  languageName: node
  linkType: hard

"engine.io-client@npm:~6.4.0":
  version: 6.4.0
  resolution: "engine.io-client@npm:6.4.0"
  dependencies:
    "@socket.io/component-emitter": ~3.1.0
    debug: ~4.3.1
    engine.io-parser: ~5.0.3
    ws: ~8.11.0
    xmlhttprequest-ssl: ~2.0.0
  checksum: f412a5d490d073bc6b1240002ea9d46c4813bfb7ad98edd54db3760d75cac1d7f73c2f802a7ce04827c1e304fa26f4d464785efdb003d6231cadedca649a7146
  languageName: node
  linkType: hard

"engine.io-parser@npm:~5.0.3":
  version: 5.0.4
  resolution: "engine.io-parser@npm:5.0.4"
  checksum: d4ad0cef6ff63c350e35696da9bb3dbd180f67b56e93e90375010cc40393e6c0639b780d5680807e1d93a7e2e3d7b4a1c3b27cf75db28eb8cbf605bc1497da03
  languageName: node
  linkType: hard

"follow-redirects@npm:^1.15.0":
  version: 1.15.2
  resolution: "follow-redirects@npm:1.15.2"
  peerDependenciesMeta:
    debug:
      optional: true
  checksum: faa66059b66358ba65c234c2f2a37fcec029dc22775f35d9ad6abac56003268baf41e55f9ee645957b32c7d9f62baf1f0b906e68267276f54ec4b4c597c2b190
  languageName: node
  linkType: hard

"form-data@npm:^4.0.0":
  version: 4.0.0
  resolution: "form-data@npm:4.0.0"
  dependencies:
    asynckit: ^0.4.0
    combined-stream: ^1.0.8
    mime-types: ^2.1.12
  checksum: 01135bf8675f9d5c61ff18e2e2932f719ca4de964e3be90ef4c36aacfc7b9cb2fceb5eca0b7e0190e3383fe51c5b37f4cb80b62ca06a99aaabfcfd6ac7c9328c
  languageName: node
  linkType: hard

"mime-db@npm:1.52.0":
  version: 1.52.0
  resolution: "mime-db@npm:1.52.0"
  checksum: 0d99a03585f8b39d68182803b12ac601d9c01abfa28ec56204fa330bc9f3d1c5e14beb049bafadb3dbdf646dfb94b87e24d4ec7b31b7279ef906a8ea9b6a513f
  languageName: node
  linkType: hard

"mime-types@npm:^2.1.12":
  version: 2.1.35
  resolution: "mime-types@npm:2.1.35"
  dependencies:
    mime-db: 1.52.0
  checksum: 89a5b7f1def9f3af5dad6496c5ed50191ae4331cc5389d7c521c8ad28d5fdad2d06fd81baf38fed813dc4e46bb55c8145bb0ff406330818c9cf712fb2e9b3836
  languageName: node
  linkType: hard

"mime@npm:^3.0.0":
  version: 3.0.0
  resolution: "mime@npm:3.0.0"
  bin:
    mime: cli.js
  checksum: f43f9b7bfa64534e6b05bd6062961681aeb406a5b53673b53b683f27fcc4e739989941836a355eef831f4478923651ecc739f4a5f6e20a76487b432bfd4db928
  languageName: node
  linkType: hard

"ms@npm:2.1.2":
  version: 2.1.2
  resolution: "ms@npm:2.1.2"
  checksum: 673cdb2c3133eb050c745908d8ce632ed2c02d85640e2edb3ace856a2266a813b30c613569bf3354fdf4ea7d1a1494add3bfa95e2713baa27d0c2c71fc44f58f
  languageName: node
  linkType: hard

"proxy-from-env@npm:^1.1.0":
  version: 1.1.0
  resolution: "proxy-from-env@npm:1.1.0"
  checksum: ed7fcc2ba0a33404958e34d95d18638249a68c430e30fcb6c478497d72739ba64ce9810a24f53a7d921d0c065e5b78e3822759800698167256b04659366ca4d4
  languageName: node
  linkType: hard

"public@workspace:.":
  version: 0.0.0-use.local
  resolution: "public@workspace:."
  dependencies:
    "@solidjs/router": ^0.8.2
    "@suid/icons-material": ^0.5.11
    "@suid/material": ^0.11.1
    "@types/mime": ^3.0.1
    axios: ^1.3.4
    mime: ^3.0.0
    random: ^4.1.0
    socket.io-client: ^4.6.1
    solid-js: ^1.7.1
    typescript: ^5.0.3
  languageName: unknown
  linkType: soft

"random@npm:^4.1.0":
  version: 4.1.0
  resolution: "random@npm:4.1.0"
  dependencies:
    seedrandom: ^3.0.5
  checksum: ecbcf1bfadbdc67b240754725e553135c7575cc61869d30f187f2b506696ef482dd4ddff0da48090717aca1c08dc19a372800c99087fc32d972b13eac1cbefc4
  languageName: node
  linkType: hard

"seedrandom@npm:^3.0.5":
  version: 3.0.5
  resolution: "seedrandom@npm:3.0.5"
  checksum: 728b56bc3bc1b9ddeabd381e449b51cb31bdc0aa86e27fcd0190cea8c44613d5bcb2f6bb63ed79f78180cbe791c20b8ec31a9627f7b7fc7f476fd2bdb7e2da9f
  languageName: node
  linkType: hard

"seroval@npm:^0.5.0":
  version: 0.5.1
  resolution: "seroval@npm:0.5.1"
  checksum: a4c1e42d6a65ed12de3c1f1b6a5b6b996e575c5bc838e1998e92daed7bc05421f3f6c82096387082dba33c475d64a31d0d932ac9b693352549259216e38dc091
  languageName: node
  linkType: hard

"socket.io-client@npm:^4.6.1":
  version: 4.6.1
  resolution: "socket.io-client@npm:4.6.1"
  dependencies:
    "@socket.io/component-emitter": ~3.1.0
    debug: ~4.3.2
    engine.io-client: ~6.4.0
    socket.io-parser: ~4.2.1
  checksum: cc6abd3f9db41379d1aa115cee5743c97f450c47cf416885660a62d1250696c38c40d0b6d1e6a6b7c6f7ffa02c504e9c04ceffe1459ae0208c8697dc8f69aae8
  languageName: node
  linkType: hard

"socket.io-parser@npm:~4.2.1":
  version: 4.2.1
  resolution: "socket.io-parser@npm:4.2.1"
  dependencies:
    "@socket.io/component-emitter": ~3.1.0
    debug: ~4.3.1
  checksum: 2582202f22538d7e6b4436991378cb4cea3b2f8219cda24923ae35afd291ab5ad6120e7d093e41738256b6c6ad10c667dd25753c2d9a2340fead04e9286f152d
  languageName: node
  linkType: hard

"solid-js@npm:^1.7.1":
  version: 1.7.1
  resolution: "solid-js@npm:1.7.1"
  dependencies:
    csstype: ^3.1.0
    seroval: ^0.5.0
  checksum: ddc316d924e841020b2fbefab566cf8c4ec5274ef5d67d44aaae3c727175731c80b5761986cd19e152ff96d10b7602facd2857cff239d3cd1a74710cd291ea68
  languageName: node
  linkType: hard

"typescript@npm:^5.0.3":
  version: 5.0.3
  resolution: "typescript@npm:5.0.3"
  bin:
    tsc: bin/tsc
    tsserver: bin/tsserver
  checksum: 3cce0576d218cb4277ff8b6adfef1a706e9114a98b4261a38ad658a7642f1b274a8396394f6cbff8c0ba852996d7ed2e233e9b8431d5d55ac7c2f6fea645af02
  languageName: node
  linkType: hard

"typescript@patch:typescript@^5.0.3#~builtin<compat/typescript>":
  version: 5.0.3
  resolution: "typescript@patch:typescript@npm%3A5.0.3#~builtin<compat/typescript>::version=5.0.3&hash=d73830"
  bin:
    tsc: bin/tsc
    tsserver: bin/tsserver
  checksum: 9ec0a8eed38d46cc2c8794555b7674e413604c56c159f71b8ff21ce7f17334a44127a68724cb2ef8221ff3b19369f8f05654e8a5266621d7d962aeed889bd630
  languageName: node
  linkType: hard

"ws@npm:~8.11.0":
  version: 8.11.0
  resolution: "ws@npm:8.11.0"
  peerDependencies:
    bufferutil: ^4.0.1
    utf-8-validate: ^5.0.2
  peerDependenciesMeta:
    bufferutil:
      optional: true
    utf-8-validate:
      optional: true
  checksum: 316b33aba32f317cd217df66dbfc5b281a2f09ff36815de222bc859e3424d83766d9eb2bd4d667de658b6ab7be151f258318fb1da812416b30be13103e5b5c67
  languageName: node
  linkType: hard

"xmlhttprequest-ssl@npm:~2.0.0":
  version: 2.0.0
  resolution: "xmlhttprequest-ssl@npm:2.0.0"
  checksum: 1e98df67f004fec15754392a131343ea92e6ab5ac4d77e842378c5c4e4fd5b6a9134b169d96842cc19422d77b1606b8df84a5685562b3b698cb68441636f827e
  languageName: node
  linkType: hard
