# THIS IS AN AUTOGENERATED FILE. DO NOT EDIT THIS FILE DIRECTLY.
# yarn lockfile v1


"@popperjs/core@^2.11.6":
  version "2.11.6"
  resolved "https://registry.yarnpkg.com/@popperjs/core/-/core-2.11.6.tgz#cee20bd55e68a1720bdab363ecf0c821ded4cd45"
  integrity sha512-50/17A98tWUfQ176raKiOGXuYpLyyVMkxxG6oylzL3BPOlA6ADGdK7EYunSa4I064xerltq9TGXs8HmOk5E+vw==

"@solidjs/router@^0.4.3":
  version "0.4.3"
  resolved "https://registry.yarnpkg.com/@solidjs/router/-/router-0.4.3.tgz#9996e423fd8aae27228f7ba98feb135c3af7e275"
  integrity sha512-mYpd4HxpH/3UZjHGTr2dhvPGXu034Ktxd05CJGA6nRjRGYCgUfhCQHRdEivyqJyb4LhHyDht4ny5xmwEOkUTaQ==

"@suid/base@0.3.1":
  version "0.3.1"
  resolved "https://registry.yarnpkg.com/@suid/base/-/base-0.3.1.tgz#4ae409b7fb0e71cc3f98727884a2597dbb45ab9d"
  integrity sha512-xg/ExMJtu7/tMnUrMTZhkAPrn/tCIfCfBjcCZuubpTXOHeNF+cnt/ObLnrEen2c3P0GCyrtX+W36T1LKQXninA==
  dependencies:
    "@popperjs/core" "^2.11.6"
    "@suid/css" "0.1.6"
    "@suid/system" "0.5.1"
    "@suid/types" "0.2.0"
    "@suid/utils" "0.5.0"
    clsx "^1.2.1"

"@suid/css@0.1.6":
  version "0.1.6"
  resolved "https://registry.yarnpkg.com/@suid/css/-/css-0.1.6.tgz#4eaca08c4d9d7621a70e3a9ece37d138d00f5774"
  integrity sha512-1Pcb1IfuHSm/jkf/cjxoXECCpAOnK27aRt7d7WdAoFMN+oCW3rRqjZm08pFF8naNqjlm0WaweR2+LvhDv76ODw==
  dependencies:
    "@suid/utils" "0.5.0"

"@suid/icons-material@^0.4.0":
  version "0.4.0"
  resolved "https://registry.yarnpkg.com/@suid/icons-material/-/icons-material-0.4.0.tgz#908395f04936225d0c52349ff72bab29fbde12ba"
  integrity sha512-L+/AT/12hWkisByga2QI13EHB8+/Tj5DHXYxz/GvuEG+wz0VfqCyYoP34rLsbrbSIF04FWFRgEz0t7hLdR8Dfg==
  dependencies:
    "@suid/material" "0.6.2"

"@suid/material@0.6.2", "@suid/material@^0.6.2":
  version "0.6.2"
  resolved "https://registry.yarnpkg.com/@suid/material/-/material-0.6.2.tgz#9bede23e18b202ef0fb9ced966a38727c8cb7b0e"
  integrity sha512-wHiPBAYHoX339HOtq22/6QXdLrVdqTdv4VMbzGb93+Pj4FZvmxWBhYt0P4n57kaEwavBRaFEQ1hV+iVlL2TRqw==
  dependencies:
    "@suid/base" "0.3.1"
    "@suid/css" "0.1.6"
    "@suid/system" "0.5.1"
    "@suid/types" "0.2.0"
    "@suid/utils" "0.5.0"
    clsx "^1.2.1"

"@suid/styled-engine@0.2.1":
  version "0.2.1"
  resolved "https://registry.yarnpkg.com/@suid/styled-engine/-/styled-engine-0.2.1.tgz#8b3ac7924c141b7186dced21254578d71ad86dd2"
  integrity sha512-41TVpbrkph5hdT8AMUyJtW/IlsTArXudHHyw75HbVeFsLeni0RUQZRn0axFSJFVZX3jjudMljmTHJYJZ83r5Pw==
  dependencies:
    "@suid/css" "0.1.6"
    "@suid/utils" "0.5.0"

"@suid/system@0.5.1":
  version "0.5.1"
  resolved "https://registry.yarnpkg.com/@suid/system/-/system-0.5.1.tgz#f67d689d3fb0a640b875827a9bbd135813b0883f"
  integrity sha512-SYwOwR4lb/g2Uo6eXN9bv1nhSRbv5RViOee+X3BH7V0cozppYJW+g8hnWTiTiyVm01oa810NjZxDXM26aNFNPA==
  dependencies:
    "@suid/css" "0.1.6"
    "@suid/styled-engine" "0.2.1"
    "@suid/types" "0.2.0"
    "@suid/utils" "0.5.0"
    clsx "^1.2.1"
    csstype "^3.1.0"

"@suid/types@0.2.0":
  version "0.2.0"
  resolved "https://registry.yarnpkg.com/@suid/types/-/types-0.2.0.tgz#ea3cfe435e338686c41d181e6556d85a24956da9"
  integrity sha512-96+O5iCKWE13eM9e9BedxdfxdfR5ujjgnMHeDTk5lbqiq0pbKW32VNxU5Zy4UaEHBNkmLC+Pw1Uir8gBPujdMA==

"@suid/utils@0.5.0":
  version "0.5.0"
  resolved "https://registry.yarnpkg.com/@suid/utils/-/utils-0.5.0.tgz#c0b898f45c440d470ab895c6f59fac027ad3b967"
  integrity sha512-0+1t2QRxEIQd/NfXf7E/5h3klkiAKuZ3V8owQzCewzM1dX1ElfQDbVkZ5u4+gNXdpd1Te0eiBtoeK1wMYdq1+Q==
  dependencies:
    "@suid/types" "0.2.0"

asynckit@^0.4.0:
  version "0.4.0"
  resolved "https://registry.yarnpkg.com/asynckit/-/asynckit-0.4.0.tgz#c79ed97f7f34cb8f2ba1bc9790bcc366474b4b79"
  integrity sha512-Oei9OH4tRh0YqU3GxhX79dM/mwVgvbZJaSNaRk+bshkj0S5cfHcgYakreBjrHwatXKbz+IoIdYLxrKim2MjW0Q==

axios@^1.1.3:
  version "1.1.3"
  resolved "https://registry.yarnpkg.com/axios/-/axios-1.1.3.tgz#8274250dada2edf53814ed7db644b9c2866c1e35"
  integrity sha512-00tXVRwKx/FZr/IDVFt4C+f9FYairX517WoGCL6dpOntqLkZofjhu43F/Xl44UOpqa+9sLFDrG/XAnFsUYgkDA==
  dependencies:
    follow-redirects "^1.15.0"
    form-data "^4.0.0"
    proxy-from-env "^1.1.0"

clsx@^1.2.1:
  version "1.2.1"
  resolved "https://registry.yarnpkg.com/clsx/-/clsx-1.2.1.tgz#0ddc4a20a549b59c93a4116bb26f5294ca17dc12"
  integrity sha512-EcR6r5a8bj6pu3ycsa/E/cKVGuTgZJZdsyUYHOksG/UHIiKfjxzRxYJpyVBwYaQeOvghal9fcc4PidlgzugAQg==

combined-stream@^1.0.8:
  version "1.0.8"
  resolved "https://registry.yarnpkg.com/combined-stream/-/combined-stream-1.0.8.tgz#c3d45a8b34fd730631a110a8a2520682b31d5a7f"
  integrity sha512-FQN4MRfuJeHf7cBbBMJFXhKSDq+2kAArBlmRBvcvFE5BB1HZKXtSFASDhdlz9zOYwxh8lDdnvmMOe/+5cdoEdg==
  dependencies:
    delayed-stream "~1.0.0"

csstype@^3.1.0:
  version "3.1.1"
  resolved "https://registry.yarnpkg.com/csstype/-/csstype-3.1.1.tgz#841b532c45c758ee546a11d5bd7b7b473c8c30b9"
  integrity sha512-DJR/VvkAvSZW9bTouZue2sSxDwdTN92uHjqeKVm+0dAqdfNykRzQ95tay8aXMBAAPpUiq4Qcug2L7neoRh2Egw==

delayed-stream@~1.0.0:
  version "1.0.0"
  resolved "https://registry.yarnpkg.com/delayed-stream/-/delayed-stream-1.0.0.tgz#df3ae199acadfb7d440aaae0b29e2272b24ec619"
  integrity sha512-ZySD7Nf91aLB0RxL4KGrKHBXl7Eds1DAmEdcoVawXnLD7SDhpNgtuII2aAkg7a7QS41jxPSZ17p4VdGnMHk3MQ==

follow-redirects@^1.15.0:
  version "1.15.2"
  resolved "https://registry.yarnpkg.com/follow-redirects/-/follow-redirects-1.15.2.tgz#b460864144ba63f2681096f274c4e57026da2c13"
  integrity sha512-VQLG33o04KaQ8uYi2tVNbdrWp1QWxNNea+nmIB4EVM28v0hmP17z7aG1+wAkNzVq4KeXTq3221ye5qTJP91JwA==

form-data@^4.0.0:
  version "4.0.0"
  resolved "https://registry.yarnpkg.com/form-data/-/form-data-4.0.0.tgz#93919daeaf361ee529584b9b31664dc12c9fa452"
  integrity sha512-ETEklSGi5t0QMZuiXoA/Q6vcnxcLQP5vdugSpuAyi6SVGi2clPPp+xgEhuMaHC+zGgn31Kd235W35f7Hykkaww==
  dependencies:
    asynckit "^0.4.0"
    combined-stream "^1.0.8"
    mime-types "^2.1.12"

mime-db@1.52.0:
  version "1.52.0"
  resolved "https://registry.yarnpkg.com/mime-db/-/mime-db-1.52.0.tgz#bbabcdc02859f4987301c856e3387ce5ec43bf70"
  integrity sha512-sPU4uV7dYlvtWJxwwxHD0PuihVNiE7TyAbQ5SWxDCB9mUYvOgroQOwYQQOKPJ8CIbE+1ETVlOoK1UC2nU3gYvg==

mime-types@^2.1.12:
  version "2.1.35"
  resolved "https://registry.yarnpkg.com/mime-types/-/mime-types-2.1.35.tgz#381a871b62a734450660ae3deee44813f70d959a"
  integrity sha512-ZDY+bPm5zTTF+YpCrAU9nK0UgICYPT0QtT1NZWFv4s++TNkcgVaT0g6+4R2uI4MjQjzysHB1zxuWL50hzaeXiw==
  dependencies:
    mime-db "1.52.0"

proxy-from-env@^1.1.0:
  version "1.1.0"
  resolved "https://registry.yarnpkg.com/proxy-from-env/-/proxy-from-env-1.1.0.tgz#e102f16ca355424865755d2c9e8ea4f24d58c3e2"
  integrity sha512-D+zkORCbA9f1tdWRK0RaCR3GPv50cMxcrz4X8k5LTSUD1Dkw47mKJEZQNunItRTkWwgtaUSo1RVFRIG9ZXiFYg==

solid-js@^1.5.6:
  version "1.5.6"
  resolved "https://registry.yarnpkg.com/solid-js/-/solid-js-1.5.6.tgz#607e451e7d04301df8424b4d92197d3e3fcad30c"
  integrity sha512-EA7hjMIEdDUuV6Fk3WUQ2fPx7sRnhjl+3M59zj6Sh+c7c3JF3N1cSViBvX8MYJG9vEBEqKQBZUfKHPe/9JgKvQ==
  dependencies:
    csstype "^3.1.0"

typescript@^4.8.3:
  version "4.8.3"
  resolved "https://registry.yarnpkg.com/typescript/-/typescript-4.8.3.tgz#d59344522c4bc464a65a730ac695007fdb66dd88"
  integrity sha512-goMHfm00nWPa8UvR/CPSvykqf6dVV8x/dp0c5mFTMTIu0u0FlGWRioyy7Nn0PGAdHxpJZnuO/ut+PpQ8UiHAig==
