# This file is generated by running "yarn install" inside your project.
# Manual changes might be lost - proceed with caution!

__metadata:
  version: 6
  cacheKey: 8

"@popperjs/core@npm:^2.11.6":
  version: 2.11.6
  resolution: "@popperjs/core@npm:2.11.6"
  checksum: 47fb328cec1924559d759b48235c78574f2d71a8a6c4c03edb6de5d7074078371633b91e39bbf3f901b32aa8af9b9d8f82834856d2f5737a23475036b16817f0
  languageName: node
  linkType: hard

"@socket.io/component-emitter@npm:~3.1.0":
  version: 3.1.0
  resolution: "@socket.io/component-emitter@npm:3.1.0"
  checksum: db069d95425b419de1514dffe945cc439795f6a8ef5b9465715acf5b8b50798e2c91b8719cbf5434b3fe7de179d6cdcd503c277b7871cb3dd03febb69bdd50fa
  languageName: node
  linkType: hard

"@solidjs/router@npm:^0.4.3":
  version: 0.4.3
  resolution: "@solidjs/router@npm:0.4.3"
  peerDependencies:
    solid-js: ^1.3.5
  checksum: 216c9050466441661fda33c0bb80e17bb6e917887a310ca119961fe45b62a206d0bb79d007dd308ec462bac2f11d7b15284b7eb7f98fa9580ef75627ea8d6009
  languageName: node
  linkType: hard

"@suid/base@npm:0.3.2":
  version: 0.3.2
  resolution: "@suid/base@npm:0.3.2"
  dependencies:
    "@popperjs/core": ^2.11.6
    "@suid/css": 0.1.6
    "@suid/system": 0.5.2
    "@suid/types": 0.2.0
    "@suid/utils": 0.5.0
    clsx: ^1.2.1
  peerDependencies:
    solid-js: ^1.5.0
  checksum: 96d2cfa61b255e7a76d505f33f7c0552ad78b90e06f900aa9ccdf12c8ee71418757e6ca4c3d1609b683b07eee49a9f02b0d24d1a6e96b8a56cdf7f547ca8aa9a
  languageName: node
  linkType: hard

"@suid/base@npm:0.5.1":
  version: 0.5.1
  resolution: "@suid/base@npm:0.5.1"
  dependencies:
    "@popperjs/core": ^2.11.6
    "@suid/css": 0.1.7
    "@suid/system": 0.7.1
    "@suid/types": 0.3.0
    "@suid/utils": 0.6.0
    clsx: ^1.2.1
  peerDependencies:
    solid-js: ^1.6.2
  checksum: 689f101985263ffc8261fc35aba393169c2d2732aaf89a9596f2d4dc38cf76a40d0e56560e4b74998c063126a44a1484fc3aedc46a93a51255f8856ef5e388d1
  languageName: node
  linkType: hard

"@suid/css@npm:0.1.6":
  version: 0.1.6
  resolution: "@suid/css@npm:0.1.6"
  dependencies:
    "@suid/utils": 0.5.0
  checksum: 149a2c2c6feec6863c5c3e58910ee2491702c642e12d98be7786796c78fed79284c1472fa61efdb26cfd4fd07e316b5592e1d76f74e9fa3544d43067e10ac131
  languageName: node
  linkType: hard

"@suid/css@npm:0.1.7":
  version: 0.1.7
  resolution: "@suid/css@npm:0.1.7"
  dependencies:
    "@suid/utils": 0.6.0
  checksum: 96dedc0bf4a1010463ce19ec340e2ff42c758b21576f6dc322166513c873b1aaa37cbae66ee6cb7180592b27f5b675b0db946909d6961d74d7e6d714a8566c62
  languageName: node
  linkType: hard

"@suid/icons-material@npm:^0.4.0":
  version: 0.4.1
  resolution: "@suid/icons-material@npm:0.4.1"
  dependencies:
    "@suid/material": 0.6.3
  peerDependencies:
    solid-js: ^1.5.0
  checksum: b2fae0abe3f90a69e41d8617e653d5f8bc0586fa34e3588c1c27a59f3ca4e4b80c6ec7b22eacfc472ec0711986245871430425502784f1f8d6915192a935c394
  languageName: node
  linkType: hard

"@suid/material@npm:0.6.3":
  version: 0.6.3
  resolution: "@suid/material@npm:0.6.3"
  dependencies:
    "@suid/base": 0.3.2
    "@suid/css": 0.1.6
    "@suid/system": 0.5.2
    "@suid/types": 0.2.0
    "@suid/utils": 0.5.0
    clsx: ^1.2.1
  peerDependencies:
    solid-js: ^1.5.0
  checksum: 6c5380c7992d18becfa249d4a53b0b43cc981de448272886ba7293728ac694293f026ef2ed1482a8c767fcaa930fce2610c2a5ac6c02e33808bdcf27428c7c17
  languageName: node
  linkType: hard

"@suid/material@npm:^0.8.1":
  version: 0.8.1
  resolution: "@suid/material@npm:0.8.1"
  dependencies:
    "@suid/base": 0.5.1
    "@suid/css": 0.1.7
    "@suid/system": 0.7.1
    "@suid/types": 0.3.0
    "@suid/utils": 0.6.0
    clsx: ^1.2.1
  peerDependencies:
    solid-js: ^1.6.2
  checksum: 8ec1c93789f89b7ea361d14089c3498038669dd60f4061b997eb18c85d0e58f365d35e40ae1934c406ff7e7c86dd3c0bfd73a0f6273abb1d50e27bad91fd1a17
  languageName: node
  linkType: hard

"@suid/styled-engine@npm:0.2.1":
  version: 0.2.1
  resolution: "@suid/styled-engine@npm:0.2.1"
  dependencies:
    "@suid/css": 0.1.6
    "@suid/utils": 0.5.0
  peerDependencies:
    solid-js: ^1.5.0
  checksum: 0801d111004caad2bd3e0f691ca3027cc46a9c9258ff26acf81c1698961d3292e87271aebe7c4dfdf186803f000e4e8796f37c04033197d5e0afcefb8390d097
  languageName: node
  linkType: hard

"@suid/styled-engine@npm:0.3.0":
  version: 0.3.0
  resolution: "@suid/styled-engine@npm:0.3.0"
  dependencies:
    "@suid/css": 0.1.7
    "@suid/utils": 0.6.0
  peerDependencies:
    solid-js: ^1.6.2
  checksum: 784e96c968eea9a4ab94a1ee2b340eab7caaeb3036c8b1d74213f1cf72f7e73ecd84c29b79f847f41ac8c4b9a7606738d269a0c985c1ef93c34ff057b078426b
  languageName: node
  linkType: hard

"@suid/system@npm:0.5.2":
  version: 0.5.2
  resolution: "@suid/system@npm:0.5.2"
  dependencies:
    "@suid/css": 0.1.6
    "@suid/styled-engine": 0.2.1
    "@suid/types": 0.2.0
    "@suid/utils": 0.5.0
    clsx: ^1.2.1
    csstype: ^3.1.1
  peerDependencies:
    solid-js: ^1.5.0
  checksum: f2fb125da5f83125759bf758dfa021f9c487027cbc6cdac9a567d3e7f3e0b6c89ea5f51d9656e32a6948343923e43e834ab7f96afa1c2ad3b2af597e8a076462
  languageName: node
  linkType: hard

"@suid/system@npm:0.7.1":
  version: 0.7.1
  resolution: "@suid/system@npm:0.7.1"
  dependencies:
    "@suid/css": 0.1.7
    "@suid/styled-engine": 0.3.0
    "@suid/types": 0.3.0
    "@suid/utils": 0.6.0
    clsx: ^1.2.1
    csstype: ^3.1.1
  peerDependencies:
    solid-js: ^1.6.2
  checksum: fd32f0132e90a28737dcd4ff8b2afafbc7b9e9635b36e8c84b6bec62e13d4466541e3c5f68a166ea2c13d33813f5abddc237993afc64eba4cd8ff8a18ca05607
  languageName: node
  linkType: hard

"@suid/types@npm:0.2.0":
  version: 0.2.0
  resolution: "@suid/types@npm:0.2.0"
  peerDependencies:
    solid-js: ^1.5.0
  checksum: 8c772f2603f9217412839ca619530c284fa34973b89b094bf71287614706e766c1a18e1443fa7856fa5c048f35ecbbfbf17b641709819dc5030920b65b9ef300
  languageName: node
  linkType: hard

"@suid/types@npm:0.3.0":
  version: 0.3.0
  resolution: "@suid/types@npm:0.3.0"
  peerDependencies:
    solid-js: ^1.6.2
  checksum: 769a5d3631b120c10429a1b20d1ede0901f94df8927a9b5cf3438bb44c02343fc01f63155f7ad7cc724d5648e59d48be6603ed23d63ff71e802dc045f9712ed1
  languageName: node
  linkType: hard

"@suid/utils@npm:0.5.0":
  version: 0.5.0
  resolution: "@suid/utils@npm:0.5.0"
  dependencies:
    "@suid/types": 0.2.0
  peerDependencies:
    solid-js: ^1.5.0
  checksum: ffdd5f76655f7067c1b2e4e5ea803701cf336800d2c74f95d9e2c21427a26bcee961656efa70f74a3b0233559f04acdc99474be498551f9fe4586e3c5ed31cf6
  languageName: node
  linkType: hard

"@suid/utils@npm:0.6.0":
  version: 0.6.0
  resolution: "@suid/utils@npm:0.6.0"
  dependencies:
    "@suid/types": 0.3.0
  peerDependencies:
    solid-js: ^1.6.2
  checksum: 9926598696b207ce59e34b8815f13263bcd1c030276350f0b20260edb5e68d538699b54ab980fcda15e7f0552ccd0788d720905c0967a5496fadf9f997d0e45c
  languageName: node
  linkType: hard

"asynckit@npm:^0.4.0":
  version: 0.4.0
  resolution: "asynckit@npm:0.4.0"
  checksum: 7b78c451df768adba04e2d02e63e2d0bf3b07adcd6e42b4cf665cb7ce899bedd344c69a1dcbce355b5f972d597b25aaa1c1742b52cffd9caccb22f348114f6be
  languageName: node
  linkType: hard

"axios@npm:^1.1.3":
  version: 1.2.1
  resolution: "axios@npm:1.2.1"
  dependencies:
    follow-redirects: ^1.15.0
    form-data: ^4.0.0
    proxy-from-env: ^1.1.0
  checksum: c4dc4e119064c9aed09a3de309bedb797a139a6fb372223aafe3e0c10a7d4a14e4d3e9c9d309467fadb9d2b490b891ee3df96ef5b55716bb971910466ff9f0c5
  languageName: node
  linkType: hard

"clsx@npm:^1.2.1":
  version: 1.2.1
  resolution: "clsx@npm:1.2.1"
  checksum: 30befca8019b2eb7dbad38cff6266cf543091dae2825c856a62a8ccf2c3ab9c2907c4d12b288b73101196767f66812365400a227581484a05f968b0307cfaf12
  languageName: node
  linkType: hard

"combined-stream@npm:^1.0.8":
  version: 1.0.8
  resolution: "combined-stream@npm:1.0.8"
  dependencies:
    delayed-stream: ~1.0.0
  checksum: 49fa4aeb4916567e33ea81d088f6584749fc90c7abec76fd516bf1c5aa5c79f3584b5ba3de6b86d26ddd64bae5329c4c7479343250cfe71c75bb366eae53bb7c
  languageName: node
  linkType: hard

"csstype@npm:^3.1.0, csstype@npm:^3.1.1":
  version: 3.1.1
  resolution: "csstype@npm:3.1.1"
  checksum: 1f7b4f5fdd955b7444b18ebdddf3f5c699159f13e9cf8ac9027ae4a60ae226aef9bbb14a6e12ca7dba3358b007cee6354b116e720262867c398de6c955ea451d
  languageName: node
  linkType: hard

"debug@npm:~4.3.1, debug@npm:~4.3.2":
  version: 4.3.4
  resolution: "debug@npm:4.3.4"
  dependencies:
    ms: 2.1.2
  peerDependenciesMeta:
    supports-color:
      optional: true
  checksum: 3dbad3f94ea64f34431a9cbf0bafb61853eda57bff2880036153438f50fb5a84f27683ba0d8e5426bf41a8c6ff03879488120cf5b3a761e77953169c0600a708
  languageName: node
  linkType: hard

"delayed-stream@npm:~1.0.0":
  version: 1.0.0
  resolution: "delayed-stream@npm:1.0.0"
  checksum: 46fe6e83e2cb1d85ba50bd52803c68be9bd953282fa7096f51fc29edd5d67ff84ff753c51966061e5ba7cb5e47ef6d36a91924eddb7f3f3483b1c560f77a0020
  languageName: node
  linkType: hard

"engine.io-client@npm:~6.2.3":
  version: 6.2.3
  resolution: "engine.io-client@npm:6.2.3"
  dependencies:
    "@socket.io/component-emitter": ~3.1.0
    debug: ~4.3.1
    engine.io-parser: ~5.0.3
    ws: ~8.2.3
    xmlhttprequest-ssl: ~2.0.0
  checksum: c09fb6429503a4a8a599ec1c4f67f100202e6e06588b67b81d386a4ebf8e81160cf7501ad6770ffe0a04575f41868f0a4cbf330b85de3f7cd24ebcf2bf9fc660
  languageName: node
  linkType: hard

"engine.io-parser@npm:~5.0.3":
  version: 5.0.4
  resolution: "engine.io-parser@npm:5.0.4"
  checksum: d4ad0cef6ff63c350e35696da9bb3dbd180f67b56e93e90375010cc40393e6c0639b780d5680807e1d93a7e2e3d7b4a1c3b27cf75db28eb8cbf605bc1497da03
  languageName: node
  linkType: hard

"follow-redirects@npm:^1.15.0":
  version: 1.15.2
  resolution: "follow-redirects@npm:1.15.2"
  peerDependenciesMeta:
    debug:
      optional: true
  checksum: faa66059b66358ba65c234c2f2a37fcec029dc22775f35d9ad6abac56003268baf41e55f9ee645957b32c7d9f62baf1f0b906e68267276f54ec4b4c597c2b190
  languageName: node
  linkType: hard

"form-data@npm:^4.0.0":
  version: 4.0.0
  resolution: "form-data@npm:4.0.0"
  dependencies:
    asynckit: ^0.4.0
    combined-stream: ^1.0.8
    mime-types: ^2.1.12
  checksum: 01135bf8675f9d5c61ff18e2e2932f719ca4de964e3be90ef4c36aacfc7b9cb2fceb5eca0b7e0190e3383fe51c5b37f4cb80b62ca06a99aaabfcfd6ac7c9328c
  languageName: node
  linkType: hard

"mime-db@npm:1.52.0":
  version: 1.52.0
  resolution: "mime-db@npm:1.52.0"
  checksum: 0d99a03585f8b39d68182803b12ac601d9c01abfa28ec56204fa330bc9f3d1c5e14beb049bafadb3dbdf646dfb94b87e24d4ec7b31b7279ef906a8ea9b6a513f
  languageName: node
  linkType: hard

"mime-types@npm:^2.1.12":
  version: 2.1.35
  resolution: "mime-types@npm:2.1.35"
  dependencies:
    mime-db: 1.52.0
  checksum: 89a5b7f1def9f3af5dad6496c5ed50191ae4331cc5389d7c521c8ad28d5fdad2d06fd81baf38fed813dc4e46bb55c8145bb0ff406330818c9cf712fb2e9b3836
  languageName: node
  linkType: hard

"ms@npm:2.1.2":
  version: 2.1.2
  resolution: "ms@npm:2.1.2"
  checksum: 673cdb2c3133eb050c745908d8ce632ed2c02d85640e2edb3ace856a2266a813b30c613569bf3354fdf4ea7d1a1494add3bfa95e2713baa27d0c2c71fc44f58f
  languageName: node
  linkType: hard

"proxy-from-env@npm:^1.1.0":
  version: 1.1.0
  resolution: "proxy-from-env@npm:1.1.0"
  checksum: ed7fcc2ba0a33404958e34d95d18638249a68c430e30fcb6c478497d72739ba64ce9810a24f53a7d921d0c065e5b78e3822759800698167256b04659366ca4d4
  languageName: node
  linkType: hard

"public@workspace:.":
  version: 0.0.0-use.local
  resolution: "public@workspace:."
  dependencies:
    "@solidjs/router": ^0.4.3
    "@suid/icons-material": ^0.4.0
    "@suid/material": ^0.8.1
    axios: ^1.1.3
    random: ^3.0.6
    socket.io-client: ^4.5.3
    solid-js: ^1.5.6
    typescript: ^4.8.3
  languageName: unknown
  linkType: soft

"random@npm:^3.0.6":
  version: 3.0.6
  resolution: "random@npm:3.0.6"
  dependencies:
    seedrandom: ^3.0.5
  checksum: 3e900ebadafda77e6e321180e1f813a08adbed35dcc0d283fea4d73ddd82eaabd5aa1c26ce251d6e7e3205650ae5d9210a82be058b03e4607eb3ae53adb8798b
  languageName: node
  linkType: hard

"seedrandom@npm:^3.0.5":
  version: 3.0.5
  resolution: "seedrandom@npm:3.0.5"
  checksum: 728b56bc3bc1b9ddeabd381e449b51cb31bdc0aa86e27fcd0190cea8c44613d5bcb2f6bb63ed79f78180cbe791c20b8ec31a9627f7b7fc7f476fd2bdb7e2da9f
  languageName: node
  linkType: hard

"socket.io-client@npm:^4.5.3":
  version: 4.5.4
  resolution: "socket.io-client@npm:4.5.4"
  dependencies:
    "@socket.io/component-emitter": ~3.1.0
    debug: ~4.3.2
    engine.io-client: ~6.2.3
    socket.io-parser: ~4.2.1
  checksum: 8320ce4a96e9c28318b17037e412746b1d612cfba653c3c321c0e49042f0be9aeb8de67d5861e45e9aad32407bb4dd204bfe199565d78d5320aaf65253371b7f
  languageName: node
  linkType: hard

"socket.io-parser@npm:~4.2.1":
  version: 4.2.1
  resolution: "socket.io-parser@npm:4.2.1"
  dependencies:
    "@socket.io/component-emitter": ~3.1.0
    debug: ~4.3.1
  checksum: 2582202f22538d7e6b4436991378cb4cea3b2f8219cda24923ae35afd291ab5ad6120e7d093e41738256b6c6ad10c667dd25753c2d9a2340fead04e9286f152d
  languageName: node
  linkType: hard

"solid-js@npm:^1.5.6":
  version: 1.6.4
  resolution: "solid-js@npm:1.6.4"
  dependencies:
    csstype: ^3.1.0
  checksum: 6d3d97832f615b187ed3b016aa5aa0b7a6550780f9a5f54f7d6d5bc0a0ab26b0b99ad6e22e1dd598d78492a5658df6ec58916b5d0c7a3a9dcd33e4db88415d0a
  languageName: node
  linkType: hard

"typescript@npm:^4.8.3":
  version: 4.9.4
  resolution: "typescript@npm:4.9.4"
  bin:
    tsc: bin/tsc
    tsserver: bin/tsserver
  checksum: e782fb9e0031cb258a80000f6c13530288c6d63f1177ed43f770533fdc15740d271554cdae86701c1dd2c83b082cea808b07e97fd68b38a172a83dbf9e0d0ef9
  languageName: node
  linkType: hard

"typescript@patch:typescript@^4.8.3#~builtin<compat/typescript>":
  version: 4.9.4
  resolution: "typescript@patch:typescript@npm%3A4.9.4#~builtin<compat/typescript>::version=4.9.4&hash=d73830"
  bin:
    tsc: bin/tsc
    tsserver: bin/tsserver
  checksum: 37f6e2c3c5e2aa5934b85b0fddbf32eeac8b1bacf3a5b51d01946936d03f5377fe86255d4e5a4ae628fd0cd553386355ad362c57f13b4635064400f3e8e05b9d
  languageName: node
  linkType: hard

"ws@npm:~8.2.3":
  version: 8.2.3
  resolution: "ws@npm:8.2.3"
  peerDependencies:
    bufferutil: ^4.0.1
    utf-8-validate: ^5.0.2
  peerDependenciesMeta:
    bufferutil:
      optional: true
    utf-8-validate:
      optional: true
  checksum: c869296ccb45f218ac6d32f8f614cd85b50a21fd434caf11646008eef92173be53490810c5c23aea31bc527902261fbfd7b062197eea341b26128d4be56a85e4
  languageName: node
  linkType: hard

"xmlhttprequest-ssl@npm:~2.0.0":
  version: 2.0.0
  resolution: "xmlhttprequest-ssl@npm:2.0.0"
  checksum: 1e98df67f004fec15754392a131343ea92e6ab5ac4d77e842378c5c4e4fd5b6a9134b169d96842cc19422d77b1606b8df84a5685562b3b698cb68441636f827e
  languageName: node
  linkType: hard
